// !$*UTF8*$!
{
	archiveVersion = 1;
	classes = {
	};
	objectVersion = 46;
	objects = {

/* Begin PBXBuildFile section */
		68A9D17F1EF8C532000BCD9F /* main.m in Sources */ = {isa = PBXBuildFile; fileRef = 68A9D17E1EF8C532000BCD9F /* main.m */; };
		68A9D1821EF8C532000BCD9F /* AppDelegate.m in Sources */ = {isa = PBXBuildFile; fileRef = 68A9D1811EF8C532000BCD9F /* AppDelegate.m */; };
		68A9D1851EF8C532000BCD9F /* ViewController.m in Sources */ = {isa = PBXBuildFile; fileRef = 68A9D1841EF8C532000BCD9F /* ViewController.m */; };
		68A9D1881EF8C532000BCD9F /* Main.storyboard in Resources */ = {isa = PBXBuildFile; fileRef = 68A9D1861EF8C532000BCD9F /* Main.storyboard */; };
		68A9D18A1EF8C532000BCD9F /* Assets.xcassets in Resources */ = {isa = PBXBuildFile; fileRef = 68A9D1891EF8C532000BCD9F /* Assets.xcassets */; };
		68A9D18D1EF8C532000BCD9F /* LaunchScreen.storyboard in Resources */ = {isa = PBXBuildFile; fileRef = 68A9D18B1EF8C532000BCD9F /* LaunchScreen.storyboard */; };
		68A9D1991EF8C585000BCD9F /* NSObject+WHRuntime.m in Sources */ = {isa = PBXBuildFile; fileRef = 68A9D1981EF8C585000BCD9F /* NSObject+WHRuntime.m */; };
		68A9D19C1EF8DCAE000BCD9F /* UIImage+swizzlingImage.m in Sources */ = {isa = PBXBuildFile; fileRef = 68A9D19B1EF8DCAE000BCD9F /* UIImage+swizzlingImage.m */; };
		68A9D1A21EF8E3C1000BCD9F /* TestRuntime.m in Sources */ = {isa = PBXBuildFile; fileRef = 68A9D1A11EF8E3C1000BCD9F /* TestRuntime.m */; };
/* End PBXBuildFile section */

/* Begin PBXFileReference section */
		68A9D17A1EF8C532000BCD9F /* WHRuntimeDemo.app */ = {isa = PBXFileReference; explicitFileType = wrapper.application; includeInIndex = 0; path = WHRuntimeDemo.app; sourceTree = BUILT_PRODUCTS_DIR; };
		68A9D17E1EF8C532000BCD9F /* main.m */ = {isa = PBXFileReference; lastKnownFileType = sourcecode.c.objc; path = main.m; sourceTree = "<group>"; };
		68A9D1801EF8C532000BCD9F /* AppDelegate.h */ = {isa = PBXFileReference; lastKnownFileType = sourcecode.c.h; path = AppDelegate.h; sourceTree = "<group>"; };
		68A9D1811EF8C532000BCD9F /* AppDelegate.m */ = {isa = PBXFileReference; lastKnownFileType = sourcecode.c.objc; path = AppDelegate.m; sourceTree = "<group>"; };
		68A9D1831EF8C532000BCD9F /* ViewController.h */ = {isa = PBXFileReference; lastKnownFileType = sourcecode.c.h; path = ViewController.h; sourceTree = "<group>"; };
		68A9D1841EF8C532000BCD9F /* ViewController.m */ = {isa = PBXFileReference; lastKnownFileType = sourcecode.c.objc; path = ViewController.m; sourceTree = "<group>"; };
		68A9D1871EF8C532000BCD9F /* Base */ = {isa = PBXFileReference; lastKnownFileType = file.storyboard; name = Base; path = Base.lproj/Main.storyboard; sourceTree = "<group>"; };
		68A9D1891EF8C532000BCD9F /* Assets.xcassets */ = {isa = PBXFileReference; lastKnownFileType = folder.assetcatalog; path = Assets.xcassets; sourceTree = "<group>"; };
		68A9D18C1EF8C532000BCD9F /* Base */ = {isa = PBXFileReference; lastKnownFileType = file.storyboard; name = Base; path = Base.lproj/LaunchScreen.storyboard; sourceTree = "<group>"; };
		68A9D18E1EF8C532000BCD9F /* Info.plist */ = {isa = PBXFileReference; lastKnownFileType = text.plist.xml; path = Info.plist; sourceTree = "<group>"; };
		68A9D1971EF8C585000BCD9F /* NSObject+WHRuntime.h */ = {isa = PBXFileReference; fileEncoding = 4; lastKnownFileType = sourcecode.c.h; path = "NSObject+WHRuntime.h"; sourceTree = "<group>"; };
		68A9D1981EF8C585000BCD9F /* NSObject+WHRuntime.m */ = {isa = PBXFileReference; fileEncoding = 4; lastKnownFileType = sourcecode.c.objc; path = "NSObject+WHRuntime.m"; sourceTree = "<group>"; };
		68A9D19A1EF8DCAE000BCD9F /* UIImage+swizzlingImage.h */ = {isa = PBXFileReference; fileEncoding = 4; lastKnownFileType = sourcecode.c.h; path = "UIImage+swizzlingImage.h"; sourceTree = "<group>"; };
		68A9D19B1EF8DCAE000BCD9F /* UIImage+swizzlingImage.m */ = {isa = PBXFileReference; fileEncoding = 4; lastKnownFileType = sourcecode.c.objc; path = "UIImage+swizzlingImage.m"; sourceTree = "<group>"; };
		68A9D1A01EF8E3C1000BCD9F /* TestRuntime.h */ = {isa = PBXFileReference; fileEncoding = 4; lastKnownFileType = sourcecode.c.h; path = TestRuntime.h; sourceTree = "<group>"; };
		68A9D1A11EF8E3C1000BCD9F /* TestRuntime.m */ = {isa = PBXFileReference; fileEncoding = 4; lastKnownFileType = sourcecode.c.objc; path = TestRuntime.m; sourceTree = "<group>"; };
/* End PBXFileReference section */

/* Begin PBXFrameworksBuildPhase section */
		68A9D1771EF8C532000BCD9F /* Frameworks */ = {
			isa = PBXFrameworksBuildPhase;
			buildActionMask = 2147483647;
			files = (
			);
			runOnlyForDeploymentPostprocessing = 0;
		};
/* End PBXFrameworksBuildPhase section */

/* Begin PBXGroup section */
		68A9D1711EF8C532000BCD9F = {
			isa = PBXGroup;
			children = (
				68A9D17C1EF8C532000BCD9F /* WHRuntimeDemo */,
				68A9D17B1EF8C532000BCD9F /* Products */,
			);
			sourceTree = "<group>";
		};
		68A9D17B1EF8C532000BCD9F /* Products */ = {
			isa = PBXGroup;
			children = (
				68A9D17A1EF8C532000BCD9F /* WHRuntimeDemo.app */,
			);
			name = Products;
			sourceTree = "<group>";
		};
		68A9D17C1EF8C532000BCD9F /* WHRuntimeDemo */ = {
			isa = PBXGroup;
			children = (
				68A9D1961EF8C568000BCD9F /* WHRuntime */,
				68A9D1831EF8C532000BCD9F /* ViewController.h */,
				68A9D1841EF8C532000BCD9F /* ViewController.m */,
				68A9D1A01EF8E3C1000BCD9F /* TestRuntime.h */,
				68A9D1A11EF8E3C1000BCD9F /* TestRuntime.m */,
				68A9D19A1EF8DCAE000BCD9F /* UIImage+swizzlingImage.h */,
				68A9D19B1EF8DCAE000BCD9F /* UIImage+swizzlingImage.m */,
				68A9D1941EF8C537000BCD9F /* Others */,
				68A9D17D1EF8C532000BCD9F /* Supporting Files */,
			);
			path = WHRuntimeDemo;
			sourceTree = "<group>";
		};
		68A9D17D1EF8C532000BCD9F /* Supporting Files */ = {
			isa = PBXGroup;
			children = (
				68A9D17E1EF8C532000BCD9F /* main.m */,
			);
			name = "Supporting Files";
			sourceTree = "<group>";
		};
		68A9D1941EF8C537000BCD9F /* Others */ = {
			isa = PBXGroup;
			children = (
				68A9D1801EF8C532000BCD9F /* AppDelegate.h */,
				68A9D1811EF8C532000BCD9F /* AppDelegate.m */,
				68A9D1861EF8C532000BCD9F /* Main.storyboard */,
				68A9D1891EF8C532000BCD9F /* Assets.xcassets */,
				68A9D18B1EF8C532000BCD9F /* LaunchScreen.storyboard */,
				68A9D18E1EF8C532000BCD9F /* Info.plist */,
			);
			name = Others;
			sourceTree = "<group>";
		};
		68A9D1961EF8C568000BCD9F /* WHRuntime */ = {
			isa = PBXGroup;
			children = (
				68A9D1971EF8C585000BCD9F /* NSObject+WHRuntime.h */,
				68A9D1981EF8C585000BCD9F /* NSObject+WHRuntime.m */,
			);
			path = WHRuntime;
			sourceTree = "<group>";
		};
/* End PBXGroup section */

/* Begin PBXNativeTarget section */
		68A9D1791EF8C532000BCD9F /* WHRuntimeDemo */ = {
			isa = PBXNativeTarget;
			buildConfigurationList = 68A9D1911EF8C532000BCD9F /* Build configuration list for PBXNativeTarget "WHRuntimeDemo" */;
			buildPhases = (
				68A9D1761EF8C532000BCD9F /* Sources */,
				68A9D1771EF8C532000BCD9F /* Frameworks */,
				68A9D1781EF8C532000BCD9F /* Resources */,
			);
			buildRules = (
			);
			dependencies = (
			);
			name = WHRuntimeDemo;
			productName = WHRuntimeDemo;
			productReference = 68A9D17A1EF8C532000BCD9F /* WHRuntimeDemo.app */;
			productType = "com.apple.product-type.application";
		};
/* End PBXNativeTarget section */

/* Begin PBXProject section */
		68A9D1721EF8C532000BCD9F /* Project object */ = {
			isa = PBXProject;
			attributes = {
				LastUpgradeCheck = 0830;
				ORGANIZATIONNAME = wuhao;
				TargetAttributes = {
					68A9D1791EF8C532000BCD9F = {
						CreatedOnToolsVersion = 8.3.2;
						ProvisioningStyle = Automatic;
					};
				};
			};
			buildConfigurationList = 68A9D1751EF8C532000BCD9F /* Build configuration list for PBXProject "WHRuntimeDemo" */;
			compatibilityVersion = "Xcode 3.2";
			developmentRegion = English;
			hasScannedForEncodings = 0;
			knownRegions = (
				en,
				Base,
			);
			mainGroup = 68A9D1711EF8C532000BCD9F;
			productRefGroup = 68A9D17B1EF8C532000BCD9F /* Products */;
			projectDirPath = "";
			projectRoot = "";
			targets = (
				68A9D1791EF8C532000BCD9F /* WHRuntimeDemo */,
			);
		};
/* End PBXProject section */

/* Begin PBXResourcesBuildPhase section */
		68A9D1781EF8C532000BCD9F /* Resources */ = {
			isa = PBXResourcesBuildPhase;
			buildActionMask = 2147483647;
			files = (
				68A9D18D1EF8C532000BCD9F /* LaunchScreen.storyboard in Resources */,
				68A9D18A1EF8C532000BCD9F /* Assets.xcassets in Resources */,
				68A9D1881EF8C532000BCD9F /* Main.storyboard in Resources */,
			);
			runOnlyForDeploymentPostprocessing = 0;
		};
/* End PBXResourcesBuildPhase section */

/* Begin PBXSourcesBuildPhase section */
		68A9D1761EF8C532000BCD9F /* Sources */ = {
			isa = PBXSourcesBuildPhase;
			buildActionMask = 2147483647;
			files = (
				68A9D1851EF8C532000BCD9F /* ViewController.m in Sources */,
				68A9D1991EF8C585000BCD9F /* NSObject+WHRuntime.m in Sources */,
				68A9D1A21EF8E3C1000BCD9F /* TestRuntime.m in Sources */,
				68A9D19C1EF8DCAE000BCD9F /* UIImage+swizzlingImage.m in Sources */,
				68A9D1821EF8C532000BCD9F /* AppDelegate.m in Sources */,
				68A9D17F1EF8C532000BCD9F /* main.m in Sources */,
			);
			runOnlyForDeploymentPostprocessing = 0;
		};
/* End PBXSourcesBuildPhase section */

/* Begin PBXVariantGroup section */
		68A9D1861EF8C532000BCD9F /* Main.storyboard */ = {
			isa = PBXVariantGroup;
			children = (
				68A9D1871EF8C532000BCD9F /* Base */,
			);
			name = Main.storyboard;
			sourceTree = "<group>";
		};
		68A9D18B1EF8C532000BCD9F /* LaunchScreen.storyboard */ = {
			isa = PBXVariantGroup;
			children = (
				68A9D18C1EF8C532000BCD9F /* Base */,
			);
			name = LaunchScreen.storyboard;
			sourceTree = "<group>";
		};
/* End PBXVariantGroup section */

/* Begin XCBuildConfiguration section */
		68A9D18F1EF8C532000BCD9F /* Debug */ = {
			isa = XCBuildConfiguration;
			buildSettings = {
				ALWAYS_SEARCH_USER_PATHS = NO;
				CLANG_ANALYZER_NONNULL = YES;
				CLANG_ANALYZER_NUMBER_OBJECT_CONVERSION = YES_AGGRESSIVE;
				CLANG_CXX_LANGUAGE_STANDARD = "gnu++0x";
				CLANG_CXX_LIBRARY = "libc++";
				CLANG_ENABLE_MODULES = YES;
				CLANG_ENABLE_OBJC_ARC = YES;
				CLANG_WARN_BOOL_CONVERSION = YES;
				CLANG_WARN_CONSTANT_CONVERSION = YES;
				CLANG_WARN_DIRECT_OBJC_ISA_USAGE = YES_ERROR;
				CLANG_WARN_DOCUMENTATION_COMMENTS = YES;
				CLANG_WARN_EMPTY_BODY = YES;
				CLANG_WARN_ENUM_CONVERSION = YES;
				CLANG_WARN_INFINITE_RECURSION = YES;
				CLANG_WARN_INT_CONVERSION = YES;
				CLANG_WARN_OBJC_ROOT_CLASS = YES_ERROR;
				CLANG_WARN_SUSPICIOUS_MOVE = YES;
				CLANG_WARN_UNREACHABLE_CODE = YES;
				CLANG_WARN__DUPLICATE_METHOD_MATCH = YES;
				"CODE_SIGN_IDENTITY[sdk=iphoneos*]" = "iPhone Developer";
				COPY_PHASE_STRIP = NO;
				DEBUG_INFORMATION_FORMAT = dwarf;
				ENABLE_STRICT_OBJC_MSGSEND = NO;
				ENABLE_TESTABILITY = YES;
				GCC_C_LANGUAGE_STANDARD = gnu99;
				GCC_DYNAMIC_NO_PIC = NO;
				GCC_NO_COMMON_BLOCKS = YES;
				GCC_OPTIMIZATION_LEVEL = 0;
				GCC_PREPROCESSOR_DEFINITIONS = (
					"DEBUG=1",
					"$(inherited)",
				);
				GCC_WARN_64_TO_32_BIT_CONVERSION = YES;
				GCC_WARN_ABOUT_RETURN_TYPE = YES_ERROR;
				GCC_WARN_UNDECLARED_SELECTOR = YES;
				GCC_WARN_UNINITIALIZED_AUTOS = YES_AGGRESSIVE;
				GCC_WARN_UNUSED_FUNCTION = YES;
				GCC_WARN_UNUSED_VARIABLE = YES;
				IPHONEOS_DEPLOYMENT_TARGET = 10.3;
				MTL_ENABLE_DEBUG_INFO = YES;
				ONLY_ACTIVE_ARCH = YES;
				SDKROOT = iphoneos;
				TARGETED_DEVICE_FAMILY = "1,2";
			};
			name = Debug;
		};
		68A9D1901EF8C532000BCD9F /* Release */ = {
			isa = XCBuildConfiguration;
			buildSettings = {
				ALWAYS_SEARCH_USER_PATHS = NO;
				CLANG_ANALYZER_NONNULL = YES;
				CLANG_ANALYZER_NUMBER_OBJECT_CONVERSION = YES_AGGRESSIVE;
				CLANG_CXX_LANGUAGE_STANDARD = "gnu++0x";
				CLANG_CXX_LIBRARY = "libc++";
				CLANG_ENABLE_MODULES = YES;
				CLANG_ENABLE_OBJC_ARC = YES;
				CLANG_WARN_BOOL_CONVERSION = YES;
				CLANG_WARN_CONSTANT_CONVERSION = YES;
				CLANG_WARN_DIRECT_OBJC_ISA_USAGE = YES_ERROR;
				CLANG_WARN_DOCUMENTATION_COMMENTS = YES;
				CLANG_WARN_EMPTY_BODY = YES;
				CLANG_WARN_ENUM_CONVERSION = YES;
				CLANG_WARN_INFINITE_RECURSION = YES;
				CLANG_WARN_INT_CONVERSION = YES;
				CLANG_WARN_OBJC_ROOT_CLASS = YES_ERROR;
				CLANG_WARN_SUSPICIOUS_MOVE = YES;
				CLANG_WARN_UNREACHABLE_CODE = YES;
				CLANG_WARN__DUPLICATE_METHOD_MATCH = YES;
				"CODE_SIGN_IDENTITY[sdk=iphoneos*]" = "iPhone Developer";
				COPY_PHASE_STRIP = NO;
				DEBUG_INFORMATION_FORMAT = "dwarf-with-dsym";
				ENABLE_NS_ASSERTIONS = NO;
				ENABLE_STRICT_OBJC_MSGSEND = NO;
				GCC_C_LANGUAGE_STANDARD = gnu99;
				GCC_NO_COMMON_BLOCKS = YES;
				GCC_WARN_64_TO_32_BIT_CONVERSION = YES;
				GCC_WARN_ABOUT_RETURN_TYPE = YES_ERROR;
				GCC_WARN_UNDECLARED_SELECTOR = YES;
				GCC_WARN_UNINITIALIZED_AUTOS = YES_AGGRESSIVE;
				GCC_WARN_UNUSED_FUNCTION = YES;
				GCC_WARN_UNUSED_VARIABLE = YES;
				IPHONEOS_DEPLOYMENT_TARGET = 10.3;
				MTL_ENABLE_DEBUG_INFO = NO;
				SDKROOT = iphoneos;
				TARGETED_DEVICE_FAMILY = "1,2";
				VALIDATE_PRODUCT = YES;
			};
			name = Release;
		};
		68A9D1921EF8C532000BCD9F /* Debug */ = {
			isa = XCBuildConfiguration;
			buildSettings = {
				ASSETCATALOG_COMPILER_APPICON_NAME = AppIcon;
				INFOPLIST_FILE = WHRuntimeDemo/Info.plist;
				LD_RUNPATH_SEARCH_PATHS = "$(inherited) @executable_path/Frameworks";
				PRODUCT_BUNDLE_IDENTIFIER = com.remember17.WHRuntimeDemo;
				PRODUCT_NAME = "$(TARGET_NAME)";
			};
			name = Debug;
		};
		68A9D1931EF8C532000BCD9F /* Release */ = {
			isa = XCBuildConfiguration;
			buildSettings = {
				ASSETCATALOG_COMPILER_APPICON_NAME = AppIcon;
				INFOPLIST_FILE = WHRuntimeDemo/Info.plist;
				LD_RUNPATH_SEARCH_PATHS = "$(inherited) @executable_path/Frameworks";
				PRODUCT_BUNDLE_IDENTIFIER = com.remember17.WHRuntimeDemo;
				PRODUCT_NAME = "$(TARGET_NAME)";
			};
			name = Release;
		};
/* End XCBuildConfiguration section */

/* Begin XCConfigurationList section */
		68A9D1751EF8C532000BCD9F /* Build configuration list for PBXProject "WHRuntimeDemo" */ = {
			isa = XCConfigurationList;
			buildConfigurations = (
				68A9D18F1EF8C532000BCD9F /* Debug */,
				68A9D1901EF8C532000BCD9F /* Release */,
			);
			defaultConfigurationIsVisible = 0;
			defaultConfigurationName = Release;
		};
		68A9D1911EF8C532000BCD9F /* Build configuration list for PBXNativeTarget "WHRuntimeDemo" */ = {
			isa = XCConfigurationList;
			buildConfigurations = (
				68A9D1921EF8C532000BCD9F /* Debug */,
				68A9D1931EF8C532000BCD9F /* Release */,
			);
			defaultConfigurationIsVisible = 0;
			defaultConfigurationName = Release;
		};
/* End XCConfigurationList section */
	};
	rootObject = 68A9D1721EF8C532000BCD9F /* Project object */;
}
